{
  "requires": true,
  "lockfileVersion": 1,
  "dependencies": {
    "vue-slider-component": {
      "version": "2.8.6",
      "resolved": "https://registry.npmjs.org/vue-slider-component/-/vue-slider-component-2.8.6.tgz",
      "integrity": "sha512-8VLLeIyKxP+L3wWZbz2EcvNK7KSjxYyNqj/446eL30yH6ZqPukPRrIjANzPWMBYsNvY2E0higRF/XufCq4yPPA=="
    }
  }
}
